
Microsoft Visual Studio Solution File, Format Version 12.00
# Visual Studio Version 17
VisualStudioVersion = 17.14.36401.2 d17.14
MinimumVisualStudioVersion = 10.0.40219.1
Project("{FAE04EC0-301F-11D3-BF4B-00C04F79EFBC}") = "ProyectoFinalTecWeb", "ProyectoFinalTecWeb.csproj", "{D54321CC-4815-42EE-986D-B4591DC2D748}"
EndProject
Global
	GlobalSection(SolutionConfigurationPlatforms) = preSolution
		Debug|Any CPU = Debug|Any CPU
		Release|Any CPU = Release|Any CPU
	EndGlobalSection
	GlobalSection(ProjectConfigurationPlatforms) = postSolution
		{D54321CC-4815-42EE-986D-B4591DC2D748}.Debug|Any CPU.ActiveCfg = Debug|Any CPU
		{D54321CC-4815-42EE-986D-B4591DC2D748}.Debug|Any CPU.Build.0 = Debug|Any CPU
		{D54321CC-4815-42EE-986D-B4591DC2D748}.Release|Any CPU.ActiveCfg = Release|Any CPU
		{D54321CC-4815-42EE-986D-B4591DC2D748}.Release|Any CPU.Build.0 = Release|Any CPU
	EndGlobalSection
	GlobalSection(SolutionProperties) = preSolution
		HideSolutionNode = FALSE
	EndGlobalSection
	GlobalSection(ExtensibilityGlobals) = postSolution
		SolutionGuid = {0C87C144-1A27-46AB-943C-31E6AFFC99B7}
	EndGlobalSection
EndGlobal
